
Microsoft Visual Studio Solution File, Format Version 12.00
# Visual Studio Version 17
VisualStudioVersion = 17.6.33815.320
MinimumVisualStudioVersion = 10.0.40219.1
Project("{9A19103F-16F7-4668-BE54-9A1E7A4F7556}") = "E-CommerceWeb", "E-CommerceWeb\E-CommerceWeb.csproj", "{A22F8EB0-519A-4714-8CCA-ACAAF1936180}"
EndProject
Global
	GlobalSection(SolutionConfigurationPlatforms) = preSolution
		Debug|Any CPU = Debug|Any CPU
		Release|Any CPU = Release|Any CPU
	EndGlobalSection
	GlobalSection(ProjectConfigurationPlatforms) = postSolution
		{A22F8EB0-519A-4714-8CCA-ACAAF1936180}.Debug|Any CPU.ActiveCfg = Debug|Any CPU
		{A22F8EB0-519A-4714-8CCA-ACAAF1936180}.Debug|Any CPU.Build.0 = Debug|Any CPU
		{A22F8EB0-519A-4714-8CCA-ACAAF1936180}.Release|Any CPU.ActiveCfg = Release|Any CPU
		{A22F8EB0-519A-4714-8CCA-ACAAF1936180}.Release|Any CPU.Build.0 = Release|Any CPU
	EndGlobalSection
	GlobalSection(SolutionProperties) = preSolution
		HideSolutionNode = FALSE
	EndGlobalSection
	GlobalSection(ExtensibilityGlobals) = postSolution
		SolutionGuid = {7E6E6C03-1FB6-4D84-A163-4024320698B8}
	EndGlobalSection
EndGlobal
